
Microsoft Visual Studio Solution File, Format Version 12.00
# Visual Studio Version 16
VisualStudioVersion = 16.0.30114.105
MinimumVisualStudioVersion = 10.0.40219.1
Project("{FAE04EC0-301F-11D3-BF4B-00C04F79EFBC}") = "kix", "kix\kix.csproj", "{4F431DE6-8E2E-4D33-9D9D-9ED8021F5667}"
EndProject
Project("{FAE04EC0-301F-11D3-BF4B-00C04F79EFBC}") = "Art", "..\ext\art\src\Art\Art.csproj", "{48D4B84C-09E4-4117-BFA3-93343C50E726}"
EndProject
Project("{FAE04EC0-301F-11D3-BF4B-00C04F79EFBC}") = "Art.Common", "..\ext\art\src\Art.Common\Art.Common.csproj", "{91B02AAE-EF5E-4D75-9469-0203993706CA}"
EndProject
Project("{FAE04EC0-301F-11D3-BF4B-00C04F79EFBC}") = "Art.BrowserCookies", "..\ext\art\src\Art.BrowserCookies\Art.BrowserCookies.csproj", "{82533660-F051-4605-A204-9F5C9014B1DC}"
EndProject
Project("{FAE04EC0-301F-11D3-BF4B-00C04F79EFBC}") = "Art.EF", "..\ext\art\src\Art.EF\Art.EF.csproj", "{A90B239E-60A1-410E-92DE-351CD593DB23}"
EndProject
Project("{FAE04EC0-301F-11D3-BF4B-00C04F79EFBC}") = "Art.EF.Sqlite", "..\ext\art\src\Art.EF.Sqlite\Art.EF.Sqlite.csproj", "{B5F9E469-4D9E-4CA5-AE21-58EDB6D75E3B}"
EndProject
Project("{FAE04EC0-301F-11D3-BF4B-00C04F79EFBC}") = "Art.Tesler", "..\ext\art\src\Art.Tesler\Art.Tesler.csproj", "{EA24FB19-32C5-4D11-94EF-16F8F562B890}"
EndProject
Project("{FAE04EC0-301F-11D3-BF4B-00C04F79EFBC}") = "BarHelper", "..\ext\art\src\BarHelper\BarHelper.csproj", "{72D954B7-6727-4DFF-B139-82068CBD83BB}"
EndProject
Global
	GlobalSection(SolutionConfigurationPlatforms) = preSolution
		Debug|Any CPU = Debug|Any CPU
		Release|Any CPU = Release|Any CPU
	EndGlobalSection
	GlobalSection(SolutionProperties) = preSolution
		HideSolutionNode = FALSE
	EndGlobalSection
	GlobalSection(ProjectConfigurationPlatforms) = postSolution
		{4F431DE6-8E2E-4D33-9D9D-9ED8021F5667}.Debug|Any CPU.ActiveCfg = Debug|Any CPU
		{4F431DE6-8E2E-4D33-9D9D-9ED8021F5667}.Debug|Any CPU.Build.0 = Debug|Any CPU
		{4F431DE6-8E2E-4D33-9D9D-9ED8021F5667}.Release|Any CPU.ActiveCfg = Release|Any CPU
		{4F431DE6-8E2E-4D33-9D9D-9ED8021F5667}.Release|Any CPU.Build.0 = Release|Any CPU
		{48D4B84C-09E4-4117-BFA3-93343C50E726}.Debug|Any CPU.ActiveCfg = Debug|Any CPU
		{48D4B84C-09E4-4117-BFA3-93343C50E726}.Debug|Any CPU.Build.0 = Debug|Any CPU
		{48D4B84C-09E4-4117-BFA3-93343C50E726}.Release|Any CPU.ActiveCfg = Release|Any CPU
		{48D4B84C-09E4-4117-BFA3-93343C50E726}.Release|Any CPU.Build.0 = Release|Any CPU
		{91B02AAE-EF5E-4D75-9469-0203993706CA}.Debug|Any CPU.ActiveCfg = Debug|Any CPU
		{91B02AAE-EF5E-4D75-9469-0203993706CA}.Debug|Any CPU.Build.0 = Debug|Any CPU
		{91B02AAE-EF5E-4D75-9469-0203993706CA}.Release|Any CPU.ActiveCfg = Release|Any CPU
		{91B02AAE-EF5E-4D75-9469-0203993706CA}.Release|Any CPU.Build.0 = Release|Any CPU
		{82533660-F051-4605-A204-9F5C9014B1DC}.Debug|Any CPU.ActiveCfg = Debug|Any CPU
		{82533660-F051-4605-A204-9F5C9014B1DC}.Debug|Any CPU.Build.0 = Debug|Any CPU
		{82533660-F051-4605-A204-9F5C9014B1DC}.Release|Any CPU.ActiveCfg = Release|Any CPU
		{82533660-F051-4605-A204-9F5C9014B1DC}.Release|Any CPU.Build.0 = Release|Any CPU
		{A90B239E-60A1-410E-92DE-351CD593DB23}.Debug|Any CPU.ActiveCfg = Debug|Any CPU
		{A90B239E-60A1-410E-92DE-351CD593DB23}.Debug|Any CPU.Build.0 = Debug|Any CPU
		{A90B239E-60A1-410E-92DE-351CD593DB23}.Release|Any CPU.ActiveCfg = Release|Any CPU
		{A90B239E-60A1-410E-92DE-351CD593DB23}.Release|Any CPU.Build.0 = Release|Any CPU
		{B5F9E469-4D9E-4CA5-AE21-58EDB6D75E3B}.Debug|Any CPU.ActiveCfg = Debug|Any CPU
		{B5F9E469-4D9E-4CA5-AE21-58EDB6D75E3B}.Debug|Any CPU.Build.0 = Debug|Any CPU
		{B5F9E469-4D9E-4CA5-AE21-58EDB6D75E3B}.Release|Any CPU.ActiveCfg = Release|Any CPU
		{B5F9E469-4D9E-4CA5-AE21-58EDB6D75E3B}.Release|Any CPU.Build.0 = Release|Any CPU
		{EA24FB19-32C5-4D11-94EF-16F8F562B890}.Debug|Any CPU.ActiveCfg = Debug|Any CPU
		{EA24FB19-32C5-4D11-94EF-16F8F562B890}.Debug|Any CPU.Build.0 = Debug|Any CPU
		{EA24FB19-32C5-4D11-94EF-16F8F562B890}.Release|Any CPU.ActiveCfg = Release|Any CPU
		{EA24FB19-32C5-4D11-94EF-16F8F562B890}.Release|Any CPU.Build.0 = Release|Any CPU
		{72D954B7-6727-4DFF-B139-82068CBD83BB}.Debug|Any CPU.ActiveCfg = Debug|Any CPU
		{72D954B7-6727-4DFF-B139-82068CBD83BB}.Debug|Any CPU.Build.0 = Debug|Any CPU
		{72D954B7-6727-4DFF-B139-82068CBD83BB}.Release|Any CPU.ActiveCfg = Release|Any CPU
		{72D954B7-6727-4DFF-B139-82068CBD83BB}.Release|Any CPU.Build.0 = Release|Any CPU
	EndGlobalSection
EndGlobal
